
Microsoft Visual Studio Solution File, Format Version 12.00
# Visual Studio Version 17
VisualStudioVersion = 17.4.32912.340
MinimumVisualStudioVersion = 10.0.40219.1
Project("{8BC9CEB8-8B4A-11D0-8D11-00A0C91BC942}") = "Splines", "splines\Splines.vcxproj", "{AA96579B-0F16-4614-8453-0B03C8B39A46}"
EndProject
Project("{8BC9CEB8-8B4A-11D0-8D11-00A0C91BC942}") = "botlib", "botlib\botlib.vcxproj", "{86691FDD-E0C6-4D71-9FFD-E0F30F19AA3E}"
EndProject
Project("{8BC9CEB8-8B4A-11D0-8D11-00A0C91BC942}") = "cgame", "cgame\cgame.vcxproj", "{A981B743-DF98-4346-AA89-5DECB39C165D}"
EndProject
Project("{8BC9CEB8-8B4A-11D0-8D11-00A0C91BC942}") = "extractfuncs", "extractfuncs\extractfuncs.vcxproj", "{0FC559FD-6DCD-4A81-B286-688F79286AEF}"
EndProject
Project("{8BC9CEB8-8B4A-11D0-8D11-00A0C91BC942}") = "game", "game\game.vcxproj", "{99EE8E3F-250E-4082-A92E-C7BC6202FDFE}"
EndProject
Project("{8BC9CEB8-8B4A-11D0-8D11-00A0C91BC942}") = "renderer", "renderer\renderer.vcxproj", "{F45A4F73-0EA1-4EB2-9829-154964ADEC6A}"
EndProject
Project("{8BC9CEB8-8B4A-11D0-8D11-00A0C91BC942}") = "ui", "ui\ui.vcxproj", "{9FC6663B-403B-4429-90C3-4CE12E5D0619}"
EndProject
Project("{8BC9CEB8-8B4A-11D0-8D11-00A0C91BC942}") = "dukeforever", "dukeforever.vcxproj", "{47CCBCAD-2A5C-4A70-8504-371F2EC29CBE}"
	ProjectSection(ProjectDependencies) = postProject
		{0FC559FD-6DCD-4A81-B286-688F79286AEF} = {0FC559FD-6DCD-4A81-B286-688F79286AEF}
	EndProjectSection
EndProject
Project("{2150E333-8FDC-42A3-9474-1A3956D46DE8}") = "GameCode", "GameCode", "{3D0A9E06-5EFA-4B9C-A9E7-2439FA3F4ECE}"
EndProject
Project("{2150E333-8FDC-42A3-9474-1A3956D46DE8}") = "Libraries", "Libraries", "{E5CED039-302B-4333-8263-B972B30BA046}"
EndProject
Project("{2150E333-8FDC-42A3-9474-1A3956D46DE8}") = "Tools", "Tools", "{4E44F2E3-35A0-41AB-A43F-057852E9B881}"
EndProject
Project("{8BC9CEB8-8B4A-11D0-8D11-00A0C91BC942}") = "Radiant", "..\dukerad\Radiant.vcxproj", "{9E3914C6-C210-467C-A342-00714014DFD5}"
EndProject
Global
	GlobalSection(SolutionConfigurationPlatforms) = preSolution
		Debug|Win32 = Debug|Win32
		DebugTTimo|Win32 = DebugTTimo|Win32
		Release|Win32 = Release|Win32
		ReleaseTTimo|Win32 = ReleaseTTimo|Win32
	EndGlobalSection
	GlobalSection(ProjectConfigurationPlatforms) = postSolution
		{AA96579B-0F16-4614-8453-0B03C8B39A46}.Debug|Win32.ActiveCfg = Debug|Win32
		{AA96579B-0F16-4614-8453-0B03C8B39A46}.Debug|Win32.Build.0 = Debug|Win32
		{AA96579B-0F16-4614-8453-0B03C8B39A46}.DebugTTimo|Win32.ActiveCfg = Debug|Win32
		{AA96579B-0F16-4614-8453-0B03C8B39A46}.DebugTTimo|Win32.Build.0 = Debug|Win32
		{AA96579B-0F16-4614-8453-0B03C8B39A46}.Release|Win32.ActiveCfg = Release|Win32
		{AA96579B-0F16-4614-8453-0B03C8B39A46}.Release|Win32.Build.0 = Release|Win32
		{AA96579B-0F16-4614-8453-0B03C8B39A46}.ReleaseTTimo|Win32.ActiveCfg = Release|Win32
		{AA96579B-0F16-4614-8453-0B03C8B39A46}.ReleaseTTimo|Win32.Build.0 = Release|Win32
		{86691FDD-E0C6-4D71-9FFD-E0F30F19AA3E}.Debug|Win32.ActiveCfg = Debug|Win32
		{86691FDD-E0C6-4D71-9FFD-E0F30F19AA3E}.Debug|Win32.Build.0 = Debug|Win32
		{86691FDD-E0C6-4D71-9FFD-E0F30F19AA3E}.DebugTTimo|Win32.ActiveCfg = Debug|Win32
		{86691FDD-E0C6-4D71-9FFD-E0F30F19AA3E}.DebugTTimo|Win32.Build.0 = Debug|Win32
		{86691FDD-E0C6-4D71-9FFD-E0F30F19AA3E}.Release|Win32.ActiveCfg = Release|Win32
		{86691FDD-E0C6-4D71-9FFD-E0F30F19AA3E}.Release|Win32.Build.0 = Release|Win32
		{86691FDD-E0C6-4D71-9FFD-E0F30F19AA3E}.ReleaseTTimo|Win32.ActiveCfg = Release|Win32
		{86691FDD-E0C6-4D71-9FFD-E0F30F19AA3E}.ReleaseTTimo|Win32.Build.0 = Release|Win32
		{A981B743-DF98-4346-AA89-5DECB39C165D}.Debug|Win32.ActiveCfg = Debug|Win32
		{A981B743-DF98-4346-AA89-5DECB39C165D}.Debug|Win32.Build.0 = Debug|Win32
		{A981B743-DF98-4346-AA89-5DECB39C165D}.DebugTTimo|Win32.ActiveCfg = Debug|Win32
		{A981B743-DF98-4346-AA89-5DECB39C165D}.DebugTTimo|Win32.Build.0 = Debug|Win32
		{A981B743-DF98-4346-AA89-5DECB39C165D}.Release|Win32.ActiveCfg = Release|Win32
		{A981B743-DF98-4346-AA89-5DECB39C165D}.Release|Win32.Build.0 = Release|Win32
		{A981B743-DF98-4346-AA89-5DECB39C165D}.ReleaseTTimo|Win32.ActiveCfg = Release|Win32
		{A981B743-DF98-4346-AA89-5DECB39C165D}.ReleaseTTimo|Win32.Build.0 = Release|Win32
		{0FC559FD-6DCD-4A81-B286-688F79286AEF}.Debug|Win32.ActiveCfg = Debug|Win32
		{0FC559FD-6DCD-4A81-B286-688F79286AEF}.Debug|Win32.Build.0 = Debug|Win32
		{0FC559FD-6DCD-4A81-B286-688F79286AEF}.DebugTTimo|Win32.ActiveCfg = Debug|Win32
		{0FC559FD-6DCD-4A81-B286-688F79286AEF}.DebugTTimo|Win32.Build.0 = Debug|Win32
		{0FC559FD-6DCD-4A81-B286-688F79286AEF}.Release|Win32.ActiveCfg = Release|Win32
		{0FC559FD-6DCD-4A81-B286-688F79286AEF}.Release|Win32.Build.0 = Release|Win32
		{0FC559FD-6DCD-4A81-B286-688F79286AEF}.ReleaseTTimo|Win32.ActiveCfg = Release|Win32
		{0FC559FD-6DCD-4A81-B286-688F79286AEF}.ReleaseTTimo|Win32.Build.0 = Release|Win32
		{99EE8E3F-250E-4082-A92E-C7BC6202FDFE}.Debug|Win32.ActiveCfg = Debug|Win32
		{99EE8E3F-250E-4082-A92E-C7BC6202FDFE}.Debug|Win32.Build.0 = Debug|Win32
		{99EE8E3F-250E-4082-A92E-C7BC6202FDFE}.DebugTTimo|Win32.ActiveCfg = Debug|Win32
		{99EE8E3F-250E-4082-A92E-C7BC6202FDFE}.DebugTTimo|Win32.Build.0 = Debug|Win32
		{99EE8E3F-250E-4082-A92E-C7BC6202FDFE}.Release|Win32.ActiveCfg = Release|Win32
		{99EE8E3F-250E-4082-A92E-C7BC6202FDFE}.Release|Win32.Build.0 = Release|Win32
		{99EE8E3F-250E-4082-A92E-C7BC6202FDFE}.ReleaseTTimo|Win32.ActiveCfg = Release|Win32
		{99EE8E3F-250E-4082-A92E-C7BC6202FDFE}.ReleaseTTimo|Win32.Build.0 = Release|Win32
		{F45A4F73-0EA1-4EB2-9829-154964ADEC6A}.Debug|Win32.ActiveCfg = Debug|Win32
		{F45A4F73-0EA1-4EB2-9829-154964ADEC6A}.Debug|Win32.Build.0 = Debug|Win32
		{F45A4F73-0EA1-4EB2-9829-154964ADEC6A}.DebugTTimo|Win32.ActiveCfg = Debug|Win32
		{F45A4F73-0EA1-4EB2-9829-154964ADEC6A}.DebugTTimo|Win32.Build.0 = Debug|Win32
		{F45A4F73-0EA1-4EB2-9829-154964ADEC6A}.Release|Win32.ActiveCfg = Release|Win32
		{F45A4F73-0EA1-4EB2-9829-154964ADEC6A}.Release|Win32.Build.0 = Release|Win32
		{F45A4F73-0EA1-4EB2-9829-154964ADEC6A}.ReleaseTTimo|Win32.ActiveCfg = Release|Win32
		{F45A4F73-0EA1-4EB2-9829-154964ADEC6A}.ReleaseTTimo|Win32.Build.0 = Release|Win32
		{9FC6663B-403B-4429-90C3-4CE12E5D0619}.Debug|Win32.ActiveCfg = Debug|Win32
		{9FC6663B-403B-4429-90C3-4CE12E5D0619}.Debug|Win32.Build.0 = Debug|Win32
		{9FC6663B-403B-4429-90C3-4CE12E5D0619}.DebugTTimo|Win32.ActiveCfg = Debug|Win32
		{9FC6663B-403B-4429-90C3-4CE12E5D0619}.DebugTTimo|Win32.Build.0 = Debug|Win32
		{9FC6663B-403B-4429-90C3-4CE12E5D0619}.Release|Win32.ActiveCfg = Release|Win32
		{9FC6663B-403B-4429-90C3-4CE12E5D0619}.Release|Win32.Build.0 = Release|Win32
		{9FC6663B-403B-4429-90C3-4CE12E5D0619}.ReleaseTTimo|Win32.ActiveCfg = Release|Win32
		{9FC6663B-403B-4429-90C3-4CE12E5D0619}.ReleaseTTimo|Win32.Build.0 = Release|Win32
		{47CCBCAD-2A5C-4A70-8504-371F2EC29CBE}.Debug|Win32.ActiveCfg = Debug|Win32
		{47CCBCAD-2A5C-4A70-8504-371F2EC29CBE}.Debug|Win32.Build.0 = Debug|Win32
		{47CCBCAD-2A5C-4A70-8504-371F2EC29CBE}.DebugTTimo|Win32.ActiveCfg = Debug|Win32
		{47CCBCAD-2A5C-4A70-8504-371F2EC29CBE}.DebugTTimo|Win32.Build.0 = Debug|Win32
		{47CCBCAD-2A5C-4A70-8504-371F2EC29CBE}.Release|Win32.ActiveCfg = Release|Win32
		{47CCBCAD-2A5C-4A70-8504-371F2EC29CBE}.Release|Win32.Build.0 = Release|Win32
		{47CCBCAD-2A5C-4A70-8504-371F2EC29CBE}.ReleaseTTimo|Win32.ActiveCfg = Release|Win32
		{47CCBCAD-2A5C-4A70-8504-371F2EC29CBE}.ReleaseTTimo|Win32.Build.0 = Release|Win32
		{9E3914C6-C210-467C-A342-00714014DFD5}.Debug|Win32.ActiveCfg = Debug|Win32
		{9E3914C6-C210-467C-A342-00714014DFD5}.Debug|Win32.Build.0 = Debug|Win32
		{9E3914C6-C210-467C-A342-00714014DFD5}.DebugTTimo|Win32.ActiveCfg = DebugTTimo|Win32
		{9E3914C6-C210-467C-A342-00714014DFD5}.DebugTTimo|Win32.Build.0 = DebugTTimo|Win32
		{9E3914C6-C210-467C-A342-00714014DFD5}.Release|Win32.ActiveCfg = Release|Win32
		{9E3914C6-C210-467C-A342-00714014DFD5}.Release|Win32.Build.0 = Release|Win32
		{9E3914C6-C210-467C-A342-00714014DFD5}.ReleaseTTimo|Win32.ActiveCfg = ReleaseTTimo|Win32
		{9E3914C6-C210-467C-A342-00714014DFD5}.ReleaseTTimo|Win32.Build.0 = ReleaseTTimo|Win32
	EndGlobalSection
	GlobalSection(SolutionProperties) = preSolution
		HideSolutionNode = FALSE
	EndGlobalSection
	GlobalSection(NestedProjects) = preSolution
		{AA96579B-0F16-4614-8453-0B03C8B39A46} = {E5CED039-302B-4333-8263-B972B30BA046}
		{86691FDD-E0C6-4D71-9FFD-E0F30F19AA3E} = {E5CED039-302B-4333-8263-B972B30BA046}
		{A981B743-DF98-4346-AA89-5DECB39C165D} = {3D0A9E06-5EFA-4B9C-A9E7-2439FA3F4ECE}
		{0FC559FD-6DCD-4A81-B286-688F79286AEF} = {3D0A9E06-5EFA-4B9C-A9E7-2439FA3F4ECE}
		{99EE8E3F-250E-4082-A92E-C7BC6202FDFE} = {3D0A9E06-5EFA-4B9C-A9E7-2439FA3F4ECE}
		{F45A4F73-0EA1-4EB2-9829-154964ADEC6A} = {E5CED039-302B-4333-8263-B972B30BA046}
		{9FC6663B-403B-4429-90C3-4CE12E5D0619} = {3D0A9E06-5EFA-4B9C-A9E7-2439FA3F4ECE}
		{9E3914C6-C210-467C-A342-00714014DFD5} = {4E44F2E3-35A0-41AB-A43F-057852E9B881}
	EndGlobalSection
	GlobalSection(ExtensibilityGlobals) = postSolution
		SolutionGuid = {05C58D77-815D-4F75-8CB2-1AA32963B27D}
	EndGlobalSection
EndGlobal
